
Microsoft Visual Studio Solution File, Format Version 12.00
# Visual Studio Version 17
VisualStudioVersion = 17.8.34511.84
MinimumVisualStudioVersion = 10.0.40219.1
Project("{FAE04EC0-301F-11D3-BF4B-00C04F79EFBC}") = "Swaptwovalueusingtemp", "Swaptwovalueusingtemp\Swaptwovalueusingtemp.csproj", "{E5CD9918-F435-4029-B58E-F0C37806B048}"
EndProject
Global
	GlobalSection(SolutionConfigurationPlatforms) = preSolution
		Debug|Any CPU = Debug|Any CPU
		Release|Any CPU = Release|Any CPU
	EndGlobalSection
	GlobalSection(ProjectConfigurationPlatforms) = postSolution
		{E5CD9918-F435-4029-B58E-F0C37806B048}.Debug|Any CPU.ActiveCfg = Debug|Any CPU
		{E5CD9918-F435-4029-B58E-F0C37806B048}.Debug|Any CPU.Build.0 = Debug|Any CPU
		{E5CD9918-F435-4029-B58E-F0C37806B048}.Release|Any CPU.ActiveCfg = Release|Any CPU
		{E5CD9918-F435-4029-B58E-F0C37806B048}.Release|Any CPU.Build.0 = Release|Any CPU
	EndGlobalSection
	GlobalSection(SolutionProperties) = preSolution
		HideSolutionNode = FALSE
	EndGlobalSection
	GlobalSection(ExtensibilityGlobals) = postSolution
		SolutionGuid = {FA247F0E-2BC1-468B-8C84-F65C98868387}
	EndGlobalSection
EndGlobal
